// !$*UTF8*$!
{
	archiveVersion = 1;
	classes = {
	};
	objectVersion = 50;
	objects = {

/* Begin PBXBuildFile section */
		AA1AB80C26135C9100AF36DB /* EmojiArtDocumentPalette.swift in Sources */ = {isa = PBXBuildFile; fileRef = AA1AB80B26135C9100AF36DB /* EmojiArtDocumentPalette.swift */; };
		AA1D4A69260BB4C6009D9630 /* OptionalImage.swift in Sources */ = {isa = PBXBuildFile; fileRef = AA1D4A68260BB4C6009D9630 /* OptionalImage.swift */; };
		AA5C44AF2613A0A30026DCC3 /* Grid.swift in Sources */ = {isa = PBXBuildFile; fileRef = AA5C44AD2613A0A30026DCC3 /* Grid.swift */; };
		AA5C44B02613A0A30026DCC3 /* GridLayout.swift in Sources */ = {isa = PBXBuildFile; fileRef = AA5C44AE2613A0A30026DCC3 /* GridLayout.swift */; };
		AA63BE08260A1F9B0096C5DC /* EmojiArtApp.swift in Sources */ = {isa = PBXBuildFile; fileRef = AA63BE07260A1F9B0096C5DC /* EmojiArtApp.swift */; };
		AA63BE0A260A1F9B0096C5DC /* EmojiArtDocumentView.swift in Sources */ = {isa = PBXBuildFile; fileRef = AA63BE09260A1F9B0096C5DC /* EmojiArtDocumentView.swift */; };
		AA63BE0C260A1F9C0096C5DC /* Assets.xcassets in Resources */ = {isa = PBXBuildFile; fileRef = AA63BE0B260A1F9C0096C5DC /* Assets.xcassets */; };
		AA63BE0F260A1F9C0096C5DC /* Preview Assets.xcassets in Resources */ = {isa = PBXBuildFile; fileRef = AA63BE0E260A1F9C0096C5DC /* Preview Assets.xcassets */; };
		AA63BE18260A1FC20096C5DC /* EmojiArtDocument.swift in Sources */ = {isa = PBXBuildFile; fileRef = AA63BE17260A1FC20096C5DC /* EmojiArtDocument.swift */; };
		AA63BE1C260A29F90096C5DC /* EmojiArt.swift in Sources */ = {isa = PBXBuildFile; fileRef = AA63BE1B260A29F90096C5DC /* EmojiArt.swift */; };
		AA63BE1F260A35050096C5DC /* EmojiArtExtensions.swift in Sources */ = {isa = PBXBuildFile; fileRef = AA63BE1E260A35050096C5DC /* EmojiArtExtensions.swift */; };
		AA65C8E92612982F00C02D0D /* PaletteChooser.swift in Sources */ = {isa = PBXBuildFile; fileRef = AA65C8E82612982F00C02D0D /* PaletteChooser.swift */; };
		AA6F34A2260CD62C00037674 /* AnimatableSystemFontModifier.swift in Sources */ = {isa = PBXBuildFile; fileRef = AA6F34A1260CD62C00037674 /* AnimatableSystemFontModifier.swift */; };
		AACD84A02614B51D000C1AE2 /* EmojiArtDocumentStore.swift in Sources */ = {isa = PBXBuildFile; fileRef = AACD849F2614B51D000C1AE2 /* EmojiArtDocumentStore.swift */; };
		AACD84A72614BE13000C1AE2 /* EmojiArtDocumentChooser.swift in Sources */ = {isa = PBXBuildFile; fileRef = AACD84A62614BE13000C1AE2 /* EmojiArtDocumentChooser.swift */; };
		AAD8BABA2612719D00DE3D8C /* Spinning.swift in Sources */ = {isa = PBXBuildFile; fileRef = AAD8BAB92612719D00DE3D8C /* Spinning.swift */; };
		AAD9F65B2614F7A20013C373 /* EditableText.swift in Sources */ = {isa = PBXBuildFile; fileRef = AAD9F65A2614F7A20013C373 /* EditableText.swift */; };
/* End PBXBuildFile section */

/* Begin PBXFileReference section */
		AA1AB80B26135C9100AF36DB /* EmojiArtDocumentPalette.swift */ = {isa = PBXFileReference; fileEncoding = 4; lastKnownFileType = sourcecode.swift; path = EmojiArtDocumentPalette.swift; sourceTree = "<group>"; };
		AA1D4A68260BB4C6009D9630 /* OptionalImage.swift */ = {isa = PBXFileReference; lastKnownFileType = sourcecode.swift; path = OptionalImage.swift; sourceTree = "<group>"; };
		AA5C44AD2613A0A30026DCC3 /* Grid.swift */ = {isa = PBXFileReference; fileEncoding = 4; lastKnownFileType = sourcecode.swift; path = Grid.swift; sourceTree = "<group>"; };
		AA5C44AE2613A0A30026DCC3 /* GridLayout.swift */ = {isa = PBXFileReference; fileEncoding = 4; lastKnownFileType = sourcecode.swift; path = GridLayout.swift; sourceTree = "<group>"; };
		AA63BE04260A1F9B0096C5DC /* EmojiArt.app */ = {isa = PBXFileReference; explicitFileType = wrapper.application; includeInIndex = 0; path = EmojiArt.app; sourceTree = BUILT_PRODUCTS_DIR; };
		AA63BE07260A1F9B0096C5DC /* EmojiArtApp.swift */ = {isa = PBXFileReference; lastKnownFileType = sourcecode.swift; path = EmojiArtApp.swift; sourceTree = "<group>"; };
		AA63BE09260A1F9B0096C5DC /* EmojiArtDocumentView.swift */ = {isa = PBXFileReference; lastKnownFileType = sourcecode.swift; path = EmojiArtDocumentView.swift; sourceTree = "<group>"; };
		AA63BE0B260A1F9C0096C5DC /* Assets.xcassets */ = {isa = PBXFileReference; lastKnownFileType = folder.assetcatalog; path = Assets.xcassets; sourceTree = "<group>"; };
		AA63BE0E260A1F9C0096C5DC /* Preview Assets.xcassets */ = {isa = PBXFileReference; lastKnownFileType = folder.assetcatalog; path = "Preview Assets.xcassets"; sourceTree = "<group>"; };
		AA63BE10260A1F9C0096C5DC /* Info.plist */ = {isa = PBXFileReference; lastKnownFileType = text.plist.xml; path = Info.plist; sourceTree = "<group>"; };
		AA63BE17260A1FC20096C5DC /* EmojiArtDocument.swift */ = {isa = PBXFileReference; lastKnownFileType = sourcecode.swift; path = EmojiArtDocument.swift; sourceTree = "<group>"; };
		AA63BE1B260A29F90096C5DC /* EmojiArt.swift */ = {isa = PBXFileReference; lastKnownFileType = sourcecode.swift; path = EmojiArt.swift; sourceTree = "<group>"; };
		AA63BE1E260A35050096C5DC /* EmojiArtExtensions.swift */ = {isa = PBXFileReference; fileEncoding = 4; lastKnownFileType = sourcecode.swift; path = EmojiArtExtensions.swift; sourceTree = "<group>"; };
		AA65C8E82612982F00C02D0D /* PaletteChooser.swift */ = {isa = PBXFileReference; lastKnownFileType = sourcecode.swift; path = PaletteChooser.swift; sourceTree = "<group>"; };
		AA6F34A1260CD62C00037674 /* AnimatableSystemFontModifier.swift */ = {isa = PBXFileReference; fileEncoding = 4; lastKnownFileType = sourcecode.swift; path = AnimatableSystemFontModifier.swift; sourceTree = "<group>"; };
		AACD849F2614B51D000C1AE2 /* EmojiArtDocumentStore.swift */ = {isa = PBXFileReference; fileEncoding = 4; lastKnownFileType = sourcecode.swift; path = EmojiArtDocumentStore.swift; sourceTree = "<group>"; };
		AACD84A62614BE13000C1AE2 /* EmojiArtDocumentChooser.swift */ = {isa = PBXFileReference; lastKnownFileType = sourcecode.swift; path = EmojiArtDocumentChooser.swift; sourceTree = "<group>"; };
		AAD8BAB92612719D00DE3D8C /* Spinning.swift */ = {isa = PBXFileReference; lastKnownFileType = sourcecode.swift; path = Spinning.swift; sourceTree = "<group>"; };
		AAD9F65A2614F7A20013C373 /* EditableText.swift */ = {isa = PBXFileReference; fileEncoding = 4; lastKnownFileType = sourcecode.swift; path = EditableText.swift; sourceTree = "<group>"; };
/* End PBXFileReference section */

/* Begin PBXFrameworksBuildPhase section */
		AA63BE01260A1F9B0096C5DC /* Frameworks */ = {
			isa = PBXFrameworksBuildPhase;
			buildActionMask = 2147483647;
			files = (
			);
			runOnlyForDeploymentPostprocessing = 0;
		};
/* End PBXFrameworksBuildPhase section */

/* Begin PBXGroup section */
		AA63BDFB260A1F9B0096C5DC = {
			isa = PBXGroup;
			children = (
				AA63BE06260A1F9B0096C5DC /* EmojiArt */,
				AA63BE05260A1F9B0096C5DC /* Products */,
			);
			sourceTree = "<group>";
		};
		AA63BE05260A1F9B0096C5DC /* Products */ = {
			isa = PBXGroup;
			children = (
				AA63BE04260A1F9B0096C5DC /* EmojiArt.app */,
			);
			name = Products;
			sourceTree = "<group>";
		};
		AA63BE06260A1F9B0096C5DC /* EmojiArt */ = {
			isa = PBXGroup;
			children = (
				AA63BE17260A1FC20096C5DC /* EmojiArtDocument.swift */,
				AA63BE09260A1F9B0096C5DC /* EmojiArtDocumentView.swift */,
				AA1AB80B26135C9100AF36DB /* EmojiArtDocumentPalette.swift */,
				AACD84A62614BE13000C1AE2 /* EmojiArtDocumentChooser.swift */,
				AACD849F2614B51D000C1AE2 /* EmojiArtDocumentStore.swift */,
				AA65C8E82612982F00C02D0D /* PaletteChooser.swift */,
				AAD9F65A2614F7A20013C373 /* EditableText.swift */,
				AAD8BAB92612719D00DE3D8C /* Spinning.swift */,
				AA1D4A68260BB4C6009D9630 /* OptionalImage.swift */,
				AA5C44AD2613A0A30026DCC3 /* Grid.swift */,
				AA5C44AE2613A0A30026DCC3 /* GridLayout.swift */,
				AA6F34A1260CD62C00037674 /* AnimatableSystemFontModifier.swift */,
				AA63BE1B260A29F90096C5DC /* EmojiArt.swift */,
				AA63BE1E260A35050096C5DC /* EmojiArtExtensions.swift */,
				AA63BE07260A1F9B0096C5DC /* EmojiArtApp.swift */,
				AA63BE0B260A1F9C0096C5DC /* Assets.xcassets */,
				AA63BE10260A1F9C0096C5DC /* Info.plist */,
				AA63BE0D260A1F9C0096C5DC /* Preview Content */,
			);
			path = EmojiArt;
			sourceTree = "<group>";
		};
		AA63BE0D260A1F9C0096C5DC /* Preview Content */ = {
			isa = PBXGroup;
			children = (
				AA63BE0E260A1F9C0096C5DC /* Preview Assets.xcassets */,
			);
			path = "Preview Content";
			sourceTree = "<group>";
		};
/* End PBXGroup section */

/* Begin PBXNativeTarget section */
		AA63BE03260A1F9B0096C5DC /* EmojiArt */ = {
			isa = PBXNativeTarget;
			buildConfigurationList = AA63BE13260A1F9C0096C5DC /* Build configuration list for PBXNativeTarget "EmojiArt" */;
			buildPhases = (
				AA63BE00260A1F9B0096C5DC /* Sources */,
				AA63BE01260A1F9B0096C5DC /* Frameworks */,
				AA63BE02260A1F9B0096C5DC /* Resources */,
			);
			buildRules = (
			);
			dependencies = (
			);
			name = EmojiArt;
			productName = EmojiArt;
			productReference = AA63BE04260A1F9B0096C5DC /* EmojiArt.app */;
			productType = "com.apple.product-type.application";
		};
/* End PBXNativeTarget section */

/* Begin PBXProject section */
		AA63BDFC260A1F9B0096C5DC /* Project object */ = {
			isa = PBXProject;
			attributes = {
				LastSwiftUpdateCheck = 1240;
				LastUpgradeCheck = 1240;
				TargetAttributes = {
					AA63BE03260A1F9B0096C5DC = {
						CreatedOnToolsVersion = 12.4;
					};
				};
			};
			buildConfigurationList = AA63BDFF260A1F9B0096C5DC /* Build configuration list for PBXProject "EmojiArt" */;
			compatibilityVersion = "Xcode 9.3";
			developmentRegion = en;
			hasScannedForEncodings = 0;
			knownRegions = (
				en,
				Base,
			);
			mainGroup = AA63BDFB260A1F9B0096C5DC;
			productRefGroup = AA63BE05260A1F9B0096C5DC /* Products */;
			projectDirPath = "";
			projectRoot = "";
			targets = (
				AA63BE03260A1F9B0096C5DC /* EmojiArt */,
			);
		};
/* End PBXProject section */

/* Begin PBXResourcesBuildPhase section */
		AA63BE02260A1F9B0096C5DC /* Resources */ = {
			isa = PBXResourcesBuildPhase;
			buildActionMask = 2147483647;
			files = (
				AA63BE0F260A1F9C0096C5DC /* Preview Assets.xcassets in Resources */,
				AA63BE0C260A1F9C0096C5DC /* Assets.xcassets in Resources */,
			);
			runOnlyForDeploymentPostprocessing = 0;
		};
/* End PBXResourcesBuildPhase section */

/* Begin PBXSourcesBuildPhase section */
		AA63BE00260A1F9B0096C5DC /* Sources */ = {
			isa = PBXSourcesBuildPhase;
			buildActionMask = 2147483647;
			files = (
				AA6F34A2260CD62C00037674 /* AnimatableSystemFontModifier.swift in Sources */,
				AA63BE1C260A29F90096C5DC /* EmojiArt.swift in Sources */,
				AA63BE1F260A35050096C5DC /* EmojiArtExtensions.swift in Sources */,
				AA5C44B02613A0A30026DCC3 /* GridLayout.swift in Sources */,
				AA63BE0A260A1F9B0096C5DC /* EmojiArtDocumentView.swift in Sources */,
				AA5C44AF2613A0A30026DCC3 /* Grid.swift in Sources */,
				AA1D4A69260BB4C6009D9630 /* OptionalImage.swift in Sources */,
				AA1AB80C26135C9100AF36DB /* EmojiArtDocumentPalette.swift in Sources */,
				AA63BE18260A1FC20096C5DC /* EmojiArtDocument.swift in Sources */,
				AACD84A72614BE13000C1AE2 /* EmojiArtDocumentChooser.swift in Sources */,
				AAD9F65B2614F7A20013C373 /* EditableText.swift in Sources */,
				AACD84A02614B51D000C1AE2 /* EmojiArtDocumentStore.swift in Sources */,
				AA63BE08260A1F9B0096C5DC /* EmojiArtApp.swift in Sources */,
				AAD8BABA2612719D00DE3D8C /* Spinning.swift in Sources */,
				AA65C8E92612982F00C02D0D /* PaletteChooser.swift in Sources */,
			);
			runOnlyForDeploymentPostprocessing = 0;
		};
/* End PBXSourcesBuildPhase section */

/* Begin XCBuildConfiguration section */
		AA63BE11260A1F9C0096C5DC /* Debug */ = {
			isa = XCBuildConfiguration;
			buildSettings = {
				ALWAYS_SEARCH_USER_PATHS = NO;
				CLANG_ANALYZER_NONNULL = YES;
				CLANG_ANALYZER_NUMBER_OBJECT_CONVERSION = YES_AGGRESSIVE;
				CLANG_CXX_LANGUAGE_STANDARD = "gnu++14";
				CLANG_CXX_LIBRARY = "libc++";
				CLANG_ENABLE_MODULES = YES;
				CLANG_ENABLE_OBJC_ARC = YES;
				CLANG_ENABLE_OBJC_WEAK = YES;
				CLANG_WARN_BLOCK_CAPTURE_AUTORELEASING = YES;
				CLANG_WARN_BOOL_CONVERSION = YES;
				CLANG_WARN_COMMA = YES;
				CLANG_WARN_CONSTANT_CONVERSION = YES;
				CLANG_WARN_DEPRECATED_OBJC_IMPLEMENTATIONS = YES;
				CLANG_WARN_DIRECT_OBJC_ISA_USAGE = YES_ERROR;
				CLANG_WARN_DOCUMENTATION_COMMENTS = YES;
				CLANG_WARN_EMPTY_BODY = YES;
				CLANG_WARN_ENUM_CONVERSION = YES;
				CLANG_WARN_INFINITE_RECURSION = YES;
				CLANG_WARN_INT_CONVERSION = YES;
				CLANG_WARN_NON_LITERAL_NULL_CONVERSION = YES;
				CLANG_WARN_OBJC_IMPLICIT_RETAIN_SELF = YES;
				CLANG_WARN_OBJC_LITERAL_CONVERSION = YES;
				CLANG_WARN_OBJC_ROOT_CLASS = YES_ERROR;
				CLANG_WARN_QUOTED_INCLUDE_IN_FRAMEWORK_HEADER = YES;
				CLANG_WARN_RANGE_LOOP_ANALYSIS = YES;
				CLANG_WARN_STRICT_PROTOTYPES = YES;
				CLANG_WARN_SUSPICIOUS_MOVE = YES;
				CLANG_WARN_UNGUARDED_AVAILABILITY = YES_AGGRESSIVE;
				CLANG_WARN_UNREACHABLE_CODE = YES;
				CLANG_WARN__DUPLICATE_METHOD_MATCH = YES;
				COPY_PHASE_STRIP = NO;
				DEBUG_INFORMATION_FORMAT = dwarf;
				ENABLE_STRICT_OBJC_MSGSEND = YES;
				ENABLE_TESTABILITY = YES;
				GCC_C_LANGUAGE_STANDARD = gnu11;
				GCC_DYNAMIC_NO_PIC = NO;
				GCC_NO_COMMON_BLOCKS = YES;
				GCC_OPTIMIZATION_LEVEL = 0;
				GCC_PREPROCESSOR_DEFINITIONS = (
					"DEBUG=1",
					"$(inherited)",
				);
				GCC_WARN_64_TO_32_BIT_CONVERSION = YES;
				GCC_WARN_ABOUT_RETURN_TYPE = YES_ERROR;
				GCC_WARN_UNDECLARED_SELECTOR = YES;
				GCC_WARN_UNINITIALIZED_AUTOS = YES_AGGRESSIVE;
				GCC_WARN_UNUSED_FUNCTION = YES;
				GCC_WARN_UNUSED_VARIABLE = YES;
				IPHONEOS_DEPLOYMENT_TARGET = 14.4;
				MTL_ENABLE_DEBUG_INFO = INCLUDE_SOURCE;
				MTL_FAST_MATH = YES;
				ONLY_ACTIVE_ARCH = YES;
				SDKROOT = iphoneos;
				SWIFT_ACTIVE_COMPILATION_CONDITIONS = DEBUG;
				SWIFT_OPTIMIZATION_LEVEL = "-Onone";
			};
			name = Debug;
		};
		AA63BE12260A1F9C0096C5DC /* Release */ = {
			isa = XCBuildConfiguration;
			buildSettings = {
				ALWAYS_SEARCH_USER_PATHS = NO;
				CLANG_ANALYZER_NONNULL = YES;
				CLANG_ANALYZER_NUMBER_OBJECT_CONVERSION = YES_AGGRESSIVE;
				CLANG_CXX_LANGUAGE_STANDARD = "gnu++14";
				CLANG_CXX_LIBRARY = "libc++";
				CLANG_ENABLE_MODULES = YES;
				CLANG_ENABLE_OBJC_ARC = YES;
				CLANG_ENABLE_OBJC_WEAK = YES;
				CLANG_WARN_BLOCK_CAPTURE_AUTORELEASING = YES;
				CLANG_WARN_BOOL_CONVERSION = YES;
				CLANG_WARN_COMMA = YES;
				CLANG_WARN_CONSTANT_CONVERSION = YES;
				CLANG_WARN_DEPRECATED_OBJC_IMPLEMENTATIONS = YES;
				CLANG_WARN_DIRECT_OBJC_ISA_USAGE = YES_ERROR;
				CLANG_WARN_DOCUMENTATION_COMMENTS = YES;
				CLANG_WARN_EMPTY_BODY = YES;
				CLANG_WARN_ENUM_CONVERSION = YES;
				CLANG_WARN_INFINITE_RECURSION = YES;
				CLANG_WARN_INT_CONVERSION = YES;
				CLANG_WARN_NON_LITERAL_NULL_CONVERSION = YES;
				CLANG_WARN_OBJC_IMPLICIT_RETAIN_SELF = YES;
				CLANG_WARN_OBJC_LITERAL_CONVERSION = YES;
				CLANG_WARN_OBJC_ROOT_CLASS = YES_ERROR;
				CLANG_WARN_QUOTED_INCLUDE_IN_FRAMEWORK_HEADER = YES;
				CLANG_WARN_RANGE_LOOP_ANALYSIS = YES;
				CLANG_WARN_STRICT_PROTOTYPES = YES;
				CLANG_WARN_SUSPICIOUS_MOVE = YES;
				CLANG_WARN_UNGUARDED_AVAILABILITY = YES_AGGRESSIVE;
				CLANG_WARN_UNREACHABLE_CODE = YES;
				CLANG_WARN__DUPLICATE_METHOD_MATCH = YES;
				COPY_PHASE_STRIP = NO;
				DEBUG_INFORMATION_FORMAT = "dwarf-with-dsym";
				ENABLE_NS_ASSERTIONS = NO;
				ENABLE_STRICT_OBJC_MSGSEND = YES;
				GCC_C_LANGUAGE_STANDARD = gnu11;
				GCC_NO_COMMON_BLOCKS = YES;
				GCC_WARN_64_TO_32_BIT_CONVERSION = YES;
				GCC_WARN_ABOUT_RETURN_TYPE = YES_ERROR;
				GCC_WARN_UNDECLARED_SELECTOR = YES;
				GCC_WARN_UNINITIALIZED_AUTOS = YES_AGGRESSIVE;
				GCC_WARN_UNUSED_FUNCTION = YES;
				GCC_WARN_UNUSED_VARIABLE = YES;
				IPHONEOS_DEPLOYMENT_TARGET = 14.4;
				MTL_ENABLE_DEBUG_INFO = NO;
				MTL_FAST_MATH = YES;
				SDKROOT = iphoneos;
				SWIFT_COMPILATION_MODE = wholemodule;
				SWIFT_OPTIMIZATION_LEVEL = "-O";
				VALIDATE_PRODUCT = YES;
			};
			name = Release;
		};
		AA63BE14260A1F9C0096C5DC /* Debug */ = {
			isa = XCBuildConfiguration;
			buildSettings = {
				ASSETCATALOG_COMPILER_APPICON_NAME = AppIcon;
				ASSETCATALOG_COMPILER_GLOBAL_ACCENT_COLOR_NAME = AccentColor;
				CODE_SIGN_STYLE = Automatic;
				DEVELOPMENT_ASSET_PATHS = "\"EmojiArt/Preview Content\"";
				DEVELOPMENT_TEAM = 37C8L4YM2G;
				ENABLE_PREVIEWS = YES;
				INFOPLIST_FILE = EmojiArt/Info.plist;
				IPHONEOS_DEPLOYMENT_TARGET = 14.0;
				LD_RUNPATH_SEARCH_PATHS = (
					"$(inherited)",
					"@executable_path/Frameworks",
				);
				PRODUCT_BUNDLE_IDENTIFIER = Belo.EmojiArt;
				PRODUCT_NAME = "$(TARGET_NAME)";
				SWIFT_VERSION = 5.0;
				TARGETED_DEVICE_FAMILY = "1,2";
			};
			name = Debug;
		};
		AA63BE15260A1F9C0096C5DC /* Release */ = {
			isa = XCBuildConfiguration;
			buildSettings = {
				ASSETCATALOG_COMPILER_APPICON_NAME = AppIcon;
				ASSETCATALOG_COMPILER_GLOBAL_ACCENT_COLOR_NAME = AccentColor;
				CODE_SIGN_STYLE = Automatic;
				DEVELOPMENT_ASSET_PATHS = "\"EmojiArt/Preview Content\"";
				DEVELOPMENT_TEAM = 37C8L4YM2G;
				ENABLE_PREVIEWS = YES;
				INFOPLIST_FILE = EmojiArt/Info.plist;
				IPHONEOS_DEPLOYMENT_TARGET = 14.0;
				LD_RUNPATH_SEARCH_PATHS = (
					"$(inherited)",
					"@executable_path/Frameworks",
				);
				PRODUCT_BUNDLE_IDENTIFIER = Belo.EmojiArt;
				PRODUCT_NAME = "$(TARGET_NAME)";
				SWIFT_VERSION = 5.0;
				TARGETED_DEVICE_FAMILY = "1,2";
			};
			name = Release;
		};
/* End XCBuildConfiguration section */

/* Begin XCConfigurationList section */
		AA63BDFF260A1F9B0096C5DC /* Build configuration list for PBXProject "EmojiArt" */ = {
			isa = XCConfigurationList;
			buildConfigurations = (
				AA63BE11260A1F9C0096C5DC /* Debug */,
				AA63BE12260A1F9C0096C5DC /* Release */,
			);
			defaultConfigurationIsVisible = 0;
			defaultConfigurationName = Release;
		};
		AA63BE13260A1F9C0096C5DC /* Build configuration list for PBXNativeTarget "EmojiArt" */ = {
			isa = XCConfigurationList;
			buildConfigurations = (
				AA63BE14260A1F9C0096C5DC /* Debug */,
				AA63BE15260A1F9C0096C5DC /* Release */,
			);
			defaultConfigurationIsVisible = 0;
			defaultConfigurationName = Release;
		};
/* End XCConfigurationList section */
	};
	rootObject = AA63BDFC260A1F9B0096C5DC /* Project object */;
}
